
Microsoft Visual Studio Solution File, Format Version 12.00
# Visual Studio Version 17
VisualStudioVersion = 17.6.33723.286
MinimumVisualStudioVersion = 10.0.40219.1
Project("{FAE04EC0-301F-11D3-BF4B-00C04F79EFBC}") = "Invoker", "Invoker\Invoker.csproj", "{358D9230-EDA5-4F7A-9933-64E5B2E1B625}"
EndProject
Project("{FAE04EC0-301F-11D3-BF4B-00C04F79EFBC}") = "ClipUtil", "ClipUtil\ClipUtil.csproj", "{CA08FF79-9D17-46A7-9F9F-0F779C86D2AA}"
EndProject
Project("{930C7802-8A8C-48F9-8165-68863BCCD9DD}") = "InvokerSetup", "InvokerSetup\InvokerSetup.wixproj", "{7E32281C-B8D9-46D4-8969-79642B8CC469}"
EndProject
Global
	GlobalSection(SolutionConfigurationPlatforms) = preSolution
		Debug|Any CPU = Debug|Any CPU
		Debug|x86 = Debug|x86
		Release|Any CPU = Release|Any CPU
		Release|x86 = Release|x86
	EndGlobalSection
	GlobalSection(ProjectConfigurationPlatforms) = postSolution
		{358D9230-EDA5-4F7A-9933-64E5B2E1B625}.Debug|Any CPU.ActiveCfg = Debug|Any CPU
		{358D9230-EDA5-4F7A-9933-64E5B2E1B625}.Debug|Any CPU.Build.0 = Debug|Any CPU
		{358D9230-EDA5-4F7A-9933-64E5B2E1B625}.Debug|x86.ActiveCfg = Debug|Any CPU
		{358D9230-EDA5-4F7A-9933-64E5B2E1B625}.Debug|x86.Build.0 = Debug|Any CPU
		{358D9230-EDA5-4F7A-9933-64E5B2E1B625}.Release|Any CPU.ActiveCfg = Release|Any CPU
		{358D9230-EDA5-4F7A-9933-64E5B2E1B625}.Release|Any CPU.Build.0 = Release|Any CPU
		{358D9230-EDA5-4F7A-9933-64E5B2E1B625}.Release|x86.ActiveCfg = Release|Any CPU
		{358D9230-EDA5-4F7A-9933-64E5B2E1B625}.Release|x86.Build.0 = Release|Any CPU
		{CA08FF79-9D17-46A7-9F9F-0F779C86D2AA}.Debug|Any CPU.ActiveCfg = Debug|Any CPU
		{CA08FF79-9D17-46A7-9F9F-0F779C86D2AA}.Debug|Any CPU.Build.0 = Debug|Any CPU
		{CA08FF79-9D17-46A7-9F9F-0F779C86D2AA}.Debug|x86.ActiveCfg = Debug|Any CPU
		{CA08FF79-9D17-46A7-9F9F-0F779C86D2AA}.Debug|x86.Build.0 = Debug|Any CPU
		{CA08FF79-9D17-46A7-9F9F-0F779C86D2AA}.Release|Any CPU.ActiveCfg = Release|Any CPU
		{CA08FF79-9D17-46A7-9F9F-0F779C86D2AA}.Release|Any CPU.Build.0 = Release|Any CPU
		{CA08FF79-9D17-46A7-9F9F-0F779C86D2AA}.Release|x86.ActiveCfg = Release|Any CPU
		{CA08FF79-9D17-46A7-9F9F-0F779C86D2AA}.Release|x86.Build.0 = Release|Any CPU
		{7E32281C-B8D9-46D4-8969-79642B8CC469}.Debug|Any CPU.ActiveCfg = Debug|x86
		{7E32281C-B8D9-46D4-8969-79642B8CC469}.Debug|x86.ActiveCfg = Debug|x86
		{7E32281C-B8D9-46D4-8969-79642B8CC469}.Debug|x86.Build.0 = Debug|x86
		{7E32281C-B8D9-46D4-8969-79642B8CC469}.Release|Any CPU.ActiveCfg = Release|x86
		{7E32281C-B8D9-46D4-8969-79642B8CC469}.Release|x86.ActiveCfg = Release|x86
		{7E32281C-B8D9-46D4-8969-79642B8CC469}.Release|x86.Build.0 = Release|x86
	EndGlobalSection
	GlobalSection(SolutionProperties) = preSolution
		HideSolutionNode = FALSE
	EndGlobalSection
	GlobalSection(ExtensibilityGlobals) = postSolution
		SolutionGuid = {6AA17682-5804-4372-A91F-56D25DD0C5C9}
	EndGlobalSection
EndGlobal
